PODS:
  - AFNetworking (4.0.1):
    - AFNetworking/NSURLSession (= 4.0.1)
    - AFNetworking/Reachability (= 4.0.1)
    - AFNetworking/Security (= 4.0.1)
    - AFNetworking/Serialization (= 4.0.1)
    - AFNetworking/UIKit (= 4.0.1)
  - AFNetworking/NSURLSession (4.0.1):
    - AFNetworking/Reachability
    - AFNetworking/Security
    - AFNetworking/Serialization
  - AFNetworking/Reachability (4.0.1)
  - AFNetworking/Security (4.0.1)
  - AFNetworking/Serialization (4.0.1)
  - AFNetworking/UIKit (4.0.1):
    - AFNetworking/NSURLSession
  - PushwooshXCFramework (6.4.1):
    - PushwooshXCFramework/Core (= 6.4.1)
  - PushwooshXCFramework/Core (6.4.1)
  - Realm (10.25.2):
    - Realm/Headers (= 10.25.2)
  - Realm/Headers (10.25.2)
  - SSZipArchive (2.4.3)

DEPENDENCIES:
  - AFNetworking
  - PushwooshXCFramework
  - Realm (~> 10)
  - SSZipArchive

SPEC REPOS:
  https://github.com/CocoaPods/Specs.git:
    - AFNetworking
    - PushwooshXCFramework
    - Realm
    - SSZipArchive

SPEC CHECKSUMS:
  AFNetworking: 7864c38297c79aaca1500c33288e429c3451fdce
  PushwooshXCFramework: a0554648cebfbfb791ec564bab3ac3659299f5d9
  Realm: 978303663d0509166498f423d112e5ee97d4c91b
  SSZipArchive: fe6a26b2a54d5a0890f2567b5cc6de5caa600aef

PODFILE CHECKSUM: 86a0753f574cbb826c1277e1aaeea3cccc2aaad3

COCOAPODS: 1.11.3
