PODS:
  - AFNetworking (4.0.1):
    - AFNetworking/NSURLSession (= 4.0.1)
    - AFNetworking/Reachability (= 4.0.1)
    - AFNetworking/Security (= 4.0.1)
    - AFNetworking/Serialization (= 4.0.1)
    - AFNetworking/UIKit (= 4.0.1)
  - AFNetworking/NSURLSession (4.0.1):
    - AFNetworking/Reachability
    - AFNetworking/Security
    - AFNetworking/Serialization
  - AFNetworking/Reachability (4.0.1)
  - AFNetworking/Security (4.0.1)
  - AFNetworking/Serialization (4.0.1)
  - AFNetworking/UIKit (4.0.1):
    - AFNetworking/NSURLSession
  - PushwooshXCFramework (6.7.11):
    - PushwooshXCFramework/Core (= 6.7.11)
  - PushwooshXCFramework/Core (6.7.11)
  - Realm (10.54.2):
    - Realm/Headers (= 10.54.2)
  - Realm/Headers (10.54.2)
  - SSZipArchive (2.4.3)

DEPENDENCIES:
  - AFNetworking
  - PushwooshXCFramework
  - Realm (~> 10)
  - SSZipArchive

SPEC REPOS:
  https://github.com/CocoaPods/Specs.git:
    - AFNetworking
    - PushwooshXCFramework
    - Realm
    - SSZipArchive

SPEC CHECKSUMS:
  AFNetworking: 3bd23d814e976cd148d7d44c3ab78017b744cd58
  PushwooshXCFramework: 9e66100c5477924a56cdc3a7158837b0ab7404e0
  Realm: 16852517a207e98cc6acba9336b56c30d06d84ad
  SSZipArchive: fe6a26b2a54d5a0890f2567b5cc6de5caa600aef

PODFILE CHECKSUM: 62dacf5ef6aebe15989d866c05eb7a6546f36123

COCOAPODS: 1.16.2
