PODS:
  - AFNetworking (4.0.1):
    - AFNetworking/NSURLSession (= 4.0.1)
    - AFNetworking/Reachability (= 4.0.1)
    - AFNetworking/Security (= 4.0.1)
    - AFNetworking/Serialization (= 4.0.1)
    - AFNetworking/UIKit (= 4.0.1)
  - AFNetworking/NSURLSession (4.0.1):
    - AFNetworking/Reachability
    - AFNetworking/Security
    - AFNetworking/Serialization
  - AFNetworking/Reachability (4.0.1)
  - AFNetworking/Security (4.0.1)
  - AFNetworking/Serialization (4.0.1)
  - AFNetworking/UIKit (4.0.1):
    - AFNetworking/NSURLSession
  - PushwooshXCFramework (7.0.28):
    - PushwooshXCFramework/Core (= 7.0.28)
  - PushwooshXCFramework/Core (7.0.28):
    - PushwooshXCFramework/PushwooshBridge
    - PushwooshXCFramework/PushwooshCore
  - PushwooshXCFramework/PushwooshBridge (7.0.28):
    - PushwooshXCFramework/PushwooshCore
  - PushwooshXCFramework/PushwooshCore (7.0.28)
  - Realm (10.54.2):
    - Realm/Headers (= 10.54.2)
  - Realm/Headers (10.54.2)
  - SSZipArchive (2.4.3)

DEPENDENCIES:
  - AFNetworking
  - PushwooshXCFramework
  - Realm (~> 10)
  - SSZipArchive

SPEC REPOS:
  https://github.com/CocoaPods/Specs.git:
    - AFNetworking
    - PushwooshXCFramework
    - Realm
    - SSZipArchive

SPEC CHECKSUMS:
  AFNetworking: 3bd23d814e976cd148d7d44c3ab78017b744cd58
  PushwooshXCFramework: e67813c5ccbe0100ca69565066616b0e9e223563
  Realm: 16852517a207e98cc6acba9336b56c30d06d84ad
  SSZipArchive: fe6a26b2a54d5a0890f2567b5cc6de5caa600aef

PODFILE CHECKSUM: 331f2a1cd9db5cfdc72edcdb965417403e2ee83d

COCOAPODS: 1.16.2
